
Microsoft Visual Studio Solution File, Format Version 12.00
# Visual Studio 15
Project("{FAE04EC0-301F-11D3-BF4B-00C04F79EFBC}") = "EKSAM_OIGE", "EKSAM_OIGE\EKSAM_OIGE.csproj", "{B94CE4AC-1977-4269-BE28-706DAAE26BD2}"
EndProject
Project("{FAE04EC0-301F-11D3-BF4B-00C04F79EFBC}") = "EKSAM_TEST", "EKSAM_TEST\EKSAM_TEST.csproj", "{20B0C54E-7B8F-41C7-9E38-7D5706955B10}"
EndProject
Global
	GlobalSection(SolutionConfigurationPlatforms) = preSolution
		Debug|Any CPU = Debug|Any CPU
		Release|Any CPU = Release|Any CPU
	EndGlobalSection
	GlobalSection(ProjectConfigurationPlatforms) = postSolution
		{B94CE4AC-1977-4269-BE28-706DAAE26BD2}.Debug|Any CPU.ActiveCfg = Debug|Any CPU
		{B94CE4AC-1977-4269-BE28-706DAAE26BD2}.Debug|Any CPU.Build.0 = Debug|Any CPU
		{B94CE4AC-1977-4269-BE28-706DAAE26BD2}.Release|Any CPU.ActiveCfg = Release|Any CPU
		{B94CE4AC-1977-4269-BE28-706DAAE26BD2}.Release|Any CPU.Build.0 = Release|Any CPU
		{20B0C54E-7B8F-41C7-9E38-7D5706955B10}.Debug|Any CPU.ActiveCfg = Debug|Any CPU
		{20B0C54E-7B8F-41C7-9E38-7D5706955B10}.Debug|Any CPU.Build.0 = Debug|Any CPU
		{20B0C54E-7B8F-41C7-9E38-7D5706955B10}.Release|Any CPU.ActiveCfg = Release|Any CPU
		{20B0C54E-7B8F-41C7-9E38-7D5706955B10}.Release|Any CPU.Build.0 = Release|Any CPU
	EndGlobalSection
EndGlobal
